// !$*UTF8*$!
{
	archiveVersion = 1;
	classes = {
	};
	objectVersion = 46;
	objects = {

/* Begin PBXBuildFile section */
		5265D4CA1F098B18005FD42A /* AppDelegate.swift in Sources */ = {isa = PBXBuildFile; fileRef = 5265D4C91F098B18005FD42A /* AppDelegate.swift */; };
		5265D4CC1F098B18005FD42A /* ViewController.swift in Sources */ = {isa = PBXBuildFile; fileRef = 5265D4CB1F098B18005FD42A /* ViewController.swift */; };
		5265D4CF1F098B18005FD42A /* Main.storyboard in Resources */ = {isa = PBXBuildFile; fileRef = 5265D4CD1F098B18005FD42A /* Main.storyboard */; };
		5265D4D11F098B18005FD42A /* Assets.xcassets in Resources */ = {isa = PBXBuildFile; fileRef = 5265D4D01F098B18005FD42A /* Assets.xcassets */; };
		5265D4D41F098B18005FD42A /* LaunchScreen.storyboard in Resources */ = {isa = PBXBuildFile; fileRef = 5265D4D21F098B18005FD42A /* LaunchScreen.storyboard */; };
/* End PBXBuildFile section */

/* Begin PBXFileReference section */
		5265D4C61F098B18005FD42A /* twister_lite.app */ = {isa = PBXFileReference; explicitFileType = wrapper.application; includeInIndex = 0; path = twister_lite.app; sourceTree = BUILT_PRODUCTS_DIR; };
		5265D4C91F098B18005FD42A /* AppDelegate.swift */ = {isa = PBXFileReference; lastKnownFileType = sourcecode.swift; path = AppDelegate.swift; sourceTree = "<group>"; };
		5265D4CB1F098B18005FD42A /* ViewController.swift */ = {isa = PBXFileReference; lastKnownFileType = sourcecode.swift; path = ViewController.swift; sourceTree = "<group>"; };
		5265D4CE1F098B18005FD42A /* Base */ = {isa = PBXFileReference; lastKnownFileType = file.storyboard; name = Base; path = Base.lproj/Main.storyboard; sourceTree = "<group>"; };
		5265D4D01F098B18005FD42A /* Assets.xcassets */ = {isa = PBXFileReference; lastKnownFileType = folder.assetcatalog; path = Assets.xcassets; sourceTree = "<group>"; };
		5265D4D31F098B18005FD42A /* Base */ = {isa = PBXFileReference; lastKnownFileType = file.storyboard; name = Base; path = Base.lproj/LaunchScreen.storyboard; sourceTree = "<group>"; };
		5265D4D51F098B18005FD42A /* Info.plist */ = {isa = PBXFileReference; lastKnownFileType = text.plist.xml; path = Info.plist; sourceTree = "<group>"; };
/* End PBXFileReference section */

/* Begin PBXFrameworksBuildPhase section */
		5265D4C31F098B18005FD42A /* Frameworks */ = {
			isa = PBXFrameworksBuildPhase;
			buildActionMask = 2147483647;
			files = (
			);
			runOnlyForDeploymentPostprocessing = 0;
		};
/* End PBXFrameworksBuildPhase section */

/* Begin PBXGroup section */
		5265D4BD1F098B18005FD42A = {
			isa = PBXGroup;
			children = (
				5265D4C81F098B18005FD42A /* twister_lite */,
				5265D4C71F098B18005FD42A /* Products */,
			);
			sourceTree = "<group>";
		};
		5265D4C71F098B18005FD42A /* Products */ = {
			isa = PBXGroup;
			children = (
				5265D4C61F098B18005FD42A /* twister_lite.app */,
			);
			name = Products;
			sourceTree = "<group>";
		};
		5265D4C81F098B18005FD42A /* twister_lite */ = {
			isa = PBXGroup;
			children = (
				5265D4C91F098B18005FD42A /* AppDelegate.swift */,
				5265D4CB1F098B18005FD42A /* ViewController.swift */,
				5265D4CD1F098B18005FD42A /* Main.storyboard */,
				5265D4D01F098B18005FD42A /* Assets.xcassets */,
				5265D4D21F098B18005FD42A /* LaunchScreen.storyboard */,
				5265D4D51F098B18005FD42A /* Info.plist */,
			);
			path = twister_lite;
			sourceTree = "<group>";
		};
/* End PBXGroup section */

/* Begin PBXNativeTarget section */
		5265D4C51F098B18005FD42A /* twister_lite */ = {
			isa = PBXNativeTarget;
			buildConfigurationList = 5265D4D81F098B18005FD42A /* Build configuration list for PBXNativeTarget "twister_lite" */;
			buildPhases = (
				5265D4C21F098B18005FD42A /* Sources */,
				5265D4C31F098B18005FD42A /* Frameworks */,
				5265D4C41F098B18005FD42A /* Resources */,
			);
			buildRules = (
			);
			dependencies = (
			);
			name = twister_lite;
			productName = twister_lite;
			productReference = 5265D4C61F098B18005FD42A /* twister_lite.app */;
			productType = "com.apple.product-type.application";
		};
/* End PBXNativeTarget section */

/* Begin PBXProject section */
		5265D4BE1F098B18005FD42A /* Project object */ = {
			isa = PBXProject;
			attributes = {
				LastSwiftUpdateCheck = 0830;
				LastUpgradeCheck = 0830;
				ORGANIZATIONNAME = tknguyen;
				TargetAttributes = {
					5265D4C51F098B18005FD42A = {
						CreatedOnToolsVersion = 8.3.3;
						DevelopmentTeam = P27E4BB4CC;
						ProvisioningStyle = Automatic;
					};
				};
			};
			buildConfigurationList = 5265D4C11F098B18005FD42A /* Build configuration list for PBXProject "twister_lite" */;
			compatibilityVersion = "Xcode 3.2";
			developmentRegion = English;
			hasScannedForEncodings = 0;
			knownRegions = (
				en,
				Base,
			);
			mainGroup = 5265D4BD1F098B18005FD42A;
			productRefGroup = 5265D4C71F098B18005FD42A /* Products */;
			projectDirPath = "";
			projectRoot = "";
			targets = (
				5265D4C51F098B18005FD42A /* twister_lite */,
			);
		};
/* End PBXProject section */

/* Begin PBXResourcesBuildPhase section */
		5265D4C41F098B18005FD42A /* Resources */ = {
			isa = PBXResourcesBuildPhase;
			buildActionMask = 2147483647;
			files = (
				5265D4D41F098B18005FD42A /* LaunchScreen.storyboard in Resources */,
				5265D4D11F098B18005FD42A /* Assets.xcassets in Resources */,
				5265D4CF1F098B18005FD42A /* Main.storyboard in Resources */,
			);
			runOnlyForDeploymentPostprocessing = 0;
		};
/* End PBXResourcesBuildPhase section */

/* Begin PBXSourcesBuildPhase section */
		5265D4C21F098B18005FD42A /* Sources */ = {
			isa = PBXSourcesBuildPhase;
			buildActionMask = 2147483647;
			files = (
				5265D4CC1F098B18005FD42A /* ViewController.swift in Sources */,
				5265D4CA1F098B18005FD42A /* AppDelegate.swift in Sources */,
			);
			runOnlyForDeploymentPostprocessing = 0;
		};
/* End PBXSourcesBuildPhase section */

/* Begin PBXVariantGroup section */
		5265D4CD1F098B18005FD42A /* Main.storyboard */ = {
			isa = PBXVariantGroup;
			children = (
				5265D4CE1F098B18005FD42A /* Base */,
			);
			name = Main.storyboard;
			sourceTree = "<group>";
		};
		5265D4D21F098B18005FD42A /* LaunchScreen.storyboard */ = {
			isa = PBXVariantGroup;
			children = (
				5265D4D31F098B18005FD42A /* Base */,
			);
			name = LaunchScreen.storyboard;
			sourceTree = "<group>";
		};
/* End PBXVariantGroup section */

/* Begin XCBuildConfiguration section */
		5265D4D61F098B18005FD42A /* Debug */ = {
			isa = XCBuildConfiguration;
			buildSettings = {
				ALWAYS_SEARCH_USER_PATHS = NO;
				CLANG_ANALYZER_NONNULL = YES;
				CLANG_ANALYZER_NUMBER_OBJECT_CONVERSION = YES_AGGRESSIVE;
				CLANG_CXX_LANGUAGE_STANDARD = "gnu++0x";
				CLANG_CXX_LIBRARY = "libc++";
				CLANG_ENABLE_MODULES = YES;
				CLANG_ENABLE_OBJC_ARC = YES;
				CLANG_WARN_BOOL_CONVERSION = YES;
				CLANG_WARN_CONSTANT_CONVERSION = YES;
				CLANG_WARN_DIRECT_OBJC_ISA_USAGE = YES_ERROR;
				CLANG_WARN_DOCUMENTATION_COMMENTS = YES;
				CLANG_WARN_EMPTY_BODY = YES;
				CLANG_WARN_ENUM_CONVERSION = YES;
				CLANG_WARN_INFINITE_RECURSION = YES;
				CLANG_WARN_INT_CONVERSION = YES;
				CLANG_WARN_OBJC_ROOT_CLASS = YES_ERROR;
				CLANG_WARN_SUSPICIOUS_MOVE = YES;
				CLANG_WARN_UNREACHABLE_CODE = YES;
				CLANG_WARN__DUPLICATE_METHOD_MATCH = YES;
				"CODE_SIGN_IDENTITY[sdk=iphoneos*]" = "iPhone Developer";
				COPY_PHASE_STRIP = NO;
				DEBUG_INFORMATION_FORMAT = dwarf;
				ENABLE_STRICT_OBJC_MSGSEND = YES;
				ENABLE_TESTABILITY = YES;
				GCC_C_LANGUAGE_STANDARD = gnu99;
				GCC_DYNAMIC_NO_PIC = NO;
				GCC_NO_COMMON_BLOCKS = YES;
				GCC_OPTIMIZATION_LEVEL = 0;
				GCC_PREPROCESSOR_DEFINITIONS = (
					"DEBUG=1",
					"$(inherited)",
				);
				GCC_WARN_64_TO_32_BIT_CONVERSION = YES;
				GCC_WARN_ABOUT_RETURN_TYPE = YES_ERROR;
				GCC_WARN_UNDECLARED_SELECTOR = YES;
				GCC_WARN_UNINITIALIZED_AUTOS = YES_AGGRESSIVE;
				GCC_WARN_UNUSED_FUNCTION = YES;
				GCC_WARN_UNUSED_VARIABLE = YES;
				IPHONEOS_DEPLOYMENT_TARGET = 10.3;
				MTL_ENABLE_DEBUG_INFO = YES;
				ONLY_ACTIVE_ARCH = YES;
				SDKROOT = iphoneos;
				SWIFT_ACTIVE_COMPILATION_CONDITIONS = DEBUG;
				SWIFT_OPTIMIZATION_LEVEL = "-Onone";
			};
			name = Debug;
		};
		5265D4D71F098B18005FD42A /* Release */ = {
			isa = XCBuildConfiguration;
			buildSettings = {
				ALWAYS_SEARCH_USER_PATHS = NO;
				CLANG_ANALYZER_NONNULL = YES;
				CLANG_ANALYZER_NUMBER_OBJECT_CONVERSION = YES_AGGRESSIVE;
				CLANG_CXX_LANGUAGE_STANDARD = "gnu++0x";
				CLANG_CXX_LIBRARY = "libc++";
				CLANG_ENABLE_MODULES = YES;
				CLANG_ENABLE_OBJC_ARC = YES;
				CLANG_WARN_BOOL_CONVERSION = YES;
				CLANG_WARN_CONSTANT_CONVERSION = YES;
				CLANG_WARN_DIRECT_OBJC_ISA_USAGE = YES_ERROR;
				CLANG_WARN_DOCUMENTATION_COMMENTS = YES;
				CLANG_WARN_EMPTY_BODY = YES;
				CLANG_WARN_ENUM_CONVERSION = YES;
				CLANG_WARN_INFINITE_RECURSION = YES;
				CLANG_WARN_INT_CONVERSION = YES;
				CLANG_WARN_OBJC_ROOT_CLASS = YES_ERROR;
				CLANG_WARN_SUSPICIOUS_MOVE = YES;
				CLANG_WARN_UNREACHABLE_CODE = YES;
				CLANG_WARN__DUPLICATE_METHOD_MATCH = YES;
				"CODE_SIGN_IDENTITY[sdk=iphoneos*]" = "iPhone Developer";
				COPY_PHASE_STRIP = NO;
				DEBUG_INFORMATION_FORMAT = "dwarf-with-dsym";
				ENABLE_NS_ASSERTIONS = NO;
				ENABLE_STRICT_OBJC_MSGSEND = YES;
				GCC_C_LANGUAGE_STANDARD = gnu99;
				GCC_NO_COMMON_BLOCKS = YES;
				GCC_WARN_64_TO_32_BIT_CONVERSION = YES;
				GCC_WARN_ABOUT_RETURN_TYPE = YES_ERROR;
				GCC_WARN_UNDECLARED_SELECTOR = YES;
				GCC_WARN_UNINITIALIZED_AUTOS = YES_AGGRESSIVE;
				GCC_WARN_UNUSED_FUNCTION = YES;
				GCC_WARN_UNUSED_VARIABLE = YES;
				IPHONEOS_DEPLOYMENT_TARGET = 10.3;
				MTL_ENABLE_DEBUG_INFO = NO;
				SDKROOT = iphoneos;
				SWIFT_OPTIMIZATION_LEVEL = "-Owholemodule";
				VALIDATE_PRODUCT = YES;
			};
			name = Release;
		};
		5265D4D91F098B18005FD42A /* Debug */ = {
			isa = XCBuildConfiguration;
			buildSettings = {
				ASSETCATALOG_COMPILER_APPICON_NAME = AppIcon;
				DEVELOPMENT_TEAM = P27E4BB4CC;
				INFOPLIST_FILE = twister_lite/Info.plist;
				LD_RUNPATH_SEARCH_PATHS = "$(inherited) @executable_path/Frameworks";
				PRODUCT_BUNDLE_IDENTIFIER = "tk.twister-lite";
				PRODUCT_NAME = "$(TARGET_NAME)";
				SWIFT_VERSION = 3.0;
			};
			name = Debug;
		};
		5265D4DA1F098B18005FD42A /* Release */ = {
			isa = XCBuildConfiguration;
			buildSettings = {
				ASSETCATALOG_COMPILER_APPICON_NAME = AppIcon;
				DEVELOPMENT_TEAM = P27E4BB4CC;
				INFOPLIST_FILE = twister_lite/Info.plist;
				LD_RUNPATH_SEARCH_PATHS = "$(inherited) @executable_path/Frameworks";
				PRODUCT_BUNDLE_IDENTIFIER = "tk.twister-lite";
				PRODUCT_NAME = "$(TARGET_NAME)";
				SWIFT_VERSION = 3.0;
			};
			name = Release;
		};
/* End XCBuildConfiguration section */

/* Begin XCConfigurationList section */
		5265D4C11F098B18005FD42A /* Build configuration list for PBXProject "twister_lite" */ = {
			isa = XCConfigurationList;
			buildConfigurations = (
				5265D4D61F098B18005FD42A /* Debug */,
				5265D4D71F098B18005FD42A /* Release */,
			);
			defaultConfigurationIsVisible = 0;
			defaultConfigurationName = Release;
		};
		5265D4D81F098B18005FD42A /* Build configuration list for PBXNativeTarget "twister_lite" */ = {
			isa = XCConfigurationList;
			buildConfigurations = (
				5265D4D91F098B18005FD42A /* Debug */,
				5265D4DA1F098B18005FD42A /* Release */,
			);
			defaultConfigurationIsVisible = 0;
		};
/* End XCConfigurationList section */
	};
	rootObject = 5265D4BE1F098B18005FD42A /* Project object */;
}
